
Microsoft Visual Studio Solution File, Format Version 12.00
# Visual Studio Version 17
VisualStudioVersion = 17.14.37628.2 d17.14
MinimumVisualStudioVersion = 10.0.40219.1
Project("{FAE04EC0-301F-11D3-BF4B-00C04F79EFBC}") = "C# textbook Unit 1", "C# textbook Unit 1.csproj", "{C8A67458-C068-4340-AA33-B2A4A1968BF3}"
EndProject
Global
	GlobalSection(SolutionConfigurationPlatforms) = preSolution
		Debug|Any CPU = Debug|Any CPU
		Release|Any CPU = Release|Any CPU
	EndGlobalSection
	GlobalSection(ProjectConfigurationPlatforms) = postSolution
		{C8A67458-C068-4340-AA33-B2A4A1968BF3}.Debug|Any CPU.ActiveCfg = Debug|Any CPU
		{C8A67458-C068-4340-AA33-B2A4A1968BF3}.Debug|Any CPU.Build.0 = Debug|Any CPU
		{C8A67458-C068-4340-AA33-B2A4A1968BF3}.Release|Any CPU.ActiveCfg = Release|Any CPU
		{C8A67458-C068-4340-AA33-B2A4A1968BF3}.Release|Any CPU.Build.0 = Release|Any CPU
	EndGlobalSection
	GlobalSection(SolutionProperties) = preSolution
		HideSolutionNode = FALSE
	EndGlobalSection
	GlobalSection(ExtensibilityGlobals) = postSolution
		SolutionGuid = {58FC2D07-334E-4F25-AB64-5F263E2966EE}
	EndGlobalSection
EndGlobal
